
Microsoft Visual Studio Solution File, Format Version 12.00
# Visual Studio Version 17
VisualStudioVersion = 17.7.34202.233
MinimumVisualStudioVersion = 10.0.40219.1
Project("{FAE04EC0-301F-11D3-BF4B-00C04F79EFBC}") = "AppleAndOrange", "AppleAndOrange.csproj", "{3F511D78-A2A2-4DF5-8F1D-7BF5746E2626}"
EndProject
Global
	GlobalSection(SolutionConfigurationPlatforms) = preSolution
		Debug|Any CPU = Debug|Any CPU
		Release|Any CPU = Release|Any CPU
	EndGlobalSection
	GlobalSection(ProjectConfigurationPlatforms) = postSolution
		{3F511D78-A2A2-4DF5-8F1D-7BF5746E2626}.Debug|Any CPU.ActiveCfg = Debug|Any CPU
		{3F511D78-A2A2-4DF5-8F1D-7BF5746E2626}.Debug|Any CPU.Build.0 = Debug|Any CPU
		{3F511D78-A2A2-4DF5-8F1D-7BF5746E2626}.Release|Any CPU.ActiveCfg = Release|Any CPU
		{3F511D78-A2A2-4DF5-8F1D-7BF5746E2626}.Release|Any CPU.Build.0 = Release|Any CPU
	EndGlobalSection
	GlobalSection(SolutionProperties) = preSolution
		HideSolutionNode = FALSE
	EndGlobalSection
	GlobalSection(ExtensibilityGlobals) = postSolution
		SolutionGuid = {C941970F-252A-4BE6-B295-41879F028603}
	EndGlobalSection
EndGlobal
